// !$*UTF8*$!
{
	archiveVersion = 1;
	classes = {
	};
	objectVersion = 56;
	objects = {

/* Begin PBXBuildFile section */
		32445A0429C55C4600E2F584 /* main.swift in Sources */ = {isa = PBXBuildFile; fileRef = 32445A0329C55C4600E2F584 /* main.swift */; };
		32445A1129C55F2200E2F584 /* DiscordBM in Frameworks */ = {isa = PBXBuildFile; productRef = 32445A1029C55F2200E2F584 /* DiscordBM */; };
		32445A1329C55F2200E2F584 /* DiscordLogger in Frameworks */ = {isa = PBXBuildFile; productRef = 32445A1229C55F2200E2F584 /* DiscordLogger */; };
		326FAF2429C5ACE100D95306 /* LinkShortener.swift in Sources */ = {isa = PBXBuildFile; fileRef = 326FAF2329C5ACE100D95306 /* LinkShortener.swift */; };
		326FAF2729C5B2A800D95306 /* ShortLinkResult.swift in Sources */ = {isa = PBXBuildFile; fileRef = 326FAF2629C5B2A800D95306 /* ShortLinkResult.swift */; };
		326FAF2929C5B48900D95306 /* SlashCommandable.swift in Sources */ = {isa = PBXBuildFile; fileRef = 326FAF2829C5B48900D95306 /* SlashCommandable.swift */; };
		326FAF2B29C6E2FF00D95306 /* Keys.swift in Sources */ = {isa = PBXBuildFile; fileRef = 326FAF2A29C6E2FF00D95306 /* Keys.swift */; };
		326FAF2D29C6E38C00D95306 /* Keys+Constants.swift in Sources */ = {isa = PBXBuildFile; fileRef = 326FAF2C29C6E38C00D95306 /* Keys+Constants.swift */; };
		326FAF3029C6E3DA00D95306 /* ClassCreator.swift in Sources */ = {isa = PBXBuildFile; fileRef = 326FAF2F29C6E3DA00D95306 /* ClassCreator.swift */; };
		326FAF3329C6E9DB00D95306 /* DiscordManager.swift in Sources */ = {isa = PBXBuildFile; fileRef = 326FAF3229C6E9DB00D95306 /* DiscordManager.swift */; };
		326FAF3529C6EA2200D95306 /* DiscordManager+SlashCommands.swift in Sources */ = {isa = PBXBuildFile; fileRef = 326FAF3429C6EA2200D95306 /* DiscordManager+SlashCommands.swift */; };
		326FAF3729C6EA9500D95306 /* DiscordManager+EventHandling.swift in Sources */ = {isa = PBXBuildFile; fileRef = 326FAF3629C6EA9500D95306 /* DiscordManager+EventHandling.swift */; };
		326FAF3B29C6EB9100D95306 /* LinkShortener+SlashCommand.swift in Sources */ = {isa = PBXBuildFile; fileRef = 326FAF3A29C6EB9100D95306 /* LinkShortener+SlashCommand.swift */; };
/* End PBXBuildFile section */

/* Begin PBXCopyFilesBuildPhase section */
		324459FE29C55C4600E2F584 /* CopyFiles */ = {
			isa = PBXCopyFilesBuildPhase;
			buildActionMask = 2147483647;
			dstPath = /usr/share/man/man1/;
			dstSubfolderSpec = 0;
			files = (
			);
			runOnlyForDeploymentPostprocessing = 1;
		};
/* End PBXCopyFilesBuildPhase section */

/* Begin PBXFileReference section */
		32445A0029C55C4600E2F584 /* T Krobot */ = {isa = PBXFileReference; explicitFileType = "compiled.mach-o.executable"; includeInIndex = 0; path = "T Krobot"; sourceTree = BUILT_PRODUCTS_DIR; };
		32445A0329C55C4600E2F584 /* main.swift */ = {isa = PBXFileReference; lastKnownFileType = sourcecode.swift; path = main.swift; sourceTree = "<group>"; };
		326FAF2329C5ACE100D95306 /* LinkShortener.swift */ = {isa = PBXFileReference; lastKnownFileType = sourcecode.swift; path = LinkShortener.swift; sourceTree = "<group>"; };
		326FAF2629C5B2A800D95306 /* ShortLinkResult.swift */ = {isa = PBXFileReference; lastKnownFileType = sourcecode.swift; path = ShortLinkResult.swift; sourceTree = "<group>"; };
		326FAF2829C5B48900D95306 /* SlashCommandable.swift */ = {isa = PBXFileReference; lastKnownFileType = sourcecode.swift; path = SlashCommandable.swift; sourceTree = "<group>"; };
		326FAF2A29C6E2FF00D95306 /* Keys.swift */ = {isa = PBXFileReference; lastKnownFileType = sourcecode.swift; path = Keys.swift; sourceTree = "<group>"; };
		326FAF2C29C6E38C00D95306 /* Keys+Constants.swift */ = {isa = PBXFileReference; lastKnownFileType = sourcecode.swift; path = "Keys+Constants.swift"; sourceTree = "<group>"; };
		326FAF2F29C6E3DA00D95306 /* ClassCreator.swift */ = {isa = PBXFileReference; lastKnownFileType = sourcecode.swift; path = ClassCreator.swift; sourceTree = "<group>"; };
		326FAF3229C6E9DB00D95306 /* DiscordManager.swift */ = {isa = PBXFileReference; lastKnownFileType = sourcecode.swift; path = DiscordManager.swift; sourceTree = "<group>"; };
		326FAF3429C6EA2200D95306 /* DiscordManager+SlashCommands.swift */ = {isa = PBXFileReference; lastKnownFileType = sourcecode.swift; path = "DiscordManager+SlashCommands.swift"; sourceTree = "<group>"; };
		326FAF3629C6EA9500D95306 /* DiscordManager+EventHandling.swift */ = {isa = PBXFileReference; lastKnownFileType = sourcecode.swift; path = "DiscordManager+EventHandling.swift"; sourceTree = "<group>"; };
		326FAF3A29C6EB9100D95306 /* LinkShortener+SlashCommand.swift */ = {isa = PBXFileReference; lastKnownFileType = sourcecode.swift; path = "LinkShortener+SlashCommand.swift"; sourceTree = "<group>"; };
/* End PBXFileReference section */

/* Begin PBXFrameworksBuildPhase section */
		324459FD29C55C4600E2F584 /* Frameworks */ = {
			isa = PBXFrameworksBuildPhase;
			buildActionMask = 2147483647;
			files = (
				32445A1129C55F2200E2F584 /* DiscordBM in Frameworks */,
				32445A1329C55F2200E2F584 /* DiscordLogger in Frameworks */,
			);
			runOnlyForDeploymentPostprocessing = 0;
		};
/* End PBXFrameworksBuildPhase section */

/* Begin PBXGroup section */
		324459F729C55C4600E2F584 = {
			isa = PBXGroup;
			children = (
				32445A0229C55C4600E2F584 /* T Krobot */,
				32445A0129C55C4600E2F584 /* Products */,
			);
			sourceTree = "<group>";
		};
		32445A0129C55C4600E2F584 /* Products */ = {
			isa = PBXGroup;
			children = (
				32445A0029C55C4600E2F584 /* T Krobot */,
			);
			name = Products;
			sourceTree = "<group>";
		};
		32445A0229C55C4600E2F584 /* T Krobot */ = {
			isa = PBXGroup;
			children = (
				32445A0329C55C4600E2F584 /* main.swift */,
				326FAF3929C6EB3100D95306 /* Discord Manager */,
				326FAF3829C6EB2A00D95306 /* Credentials */,
				326FAF3129C6E94D00D95306 /* Slash Command */,
			);
			path = "T Krobot";
			sourceTree = "<group>";
		};
		326FAF2529C5B29600D95306 /* Link Shortener */ = {
			isa = PBXGroup;
			children = (
				326FAF2329C5ACE100D95306 /* LinkShortener.swift */,
				326FAF3A29C6EB9100D95306 /* LinkShortener+SlashCommand.swift */,
				326FAF2629C5B2A800D95306 /* ShortLinkResult.swift */,
			);
			path = "Link Shortener";
			sourceTree = "<group>";
		};
		326FAF2E29C6E3C800D95306 /* Class Creator */ = {
			isa = PBXGroup;
			children = (
				326FAF2F29C6E3DA00D95306 /* ClassCreator.swift */,
			);
			path = "Class Creator";
			sourceTree = "<group>";
		};
		326FAF3129C6E94D00D95306 /* Slash Command */ = {
			isa = PBXGroup;
			children = (
				326FAF2829C5B48900D95306 /* SlashCommandable.swift */,
				326FAF2E29C6E3C800D95306 /* Class Creator */,
				326FAF2529C5B29600D95306 /* Link Shortener */,
			);
			path = "Slash Command";
			sourceTree = "<group>";
		};
		326FAF3829C6EB2A00D95306 /* Credentials */ = {
			isa = PBXGroup;
			children = (
				326FAF2A29C6E2FF00D95306 /* Keys.swift */,
				326FAF2C29C6E38C00D95306 /* Keys+Constants.swift */,
			);
			path = Credentials;
			sourceTree = "<group>";
		};
		326FAF3929C6EB3100D95306 /* Discord Manager */ = {
			isa = PBXGroup;
			children = (
				326FAF3229C6E9DB00D95306 /* DiscordManager.swift */,
				326FAF3629C6EA9500D95306 /* DiscordManager+EventHandling.swift */,
				326FAF3429C6EA2200D95306 /* DiscordManager+SlashCommands.swift */,
			);
			path = "Discord Manager";
			sourceTree = "<group>";
		};
/* End PBXGroup section */

/* Begin PBXNativeTarget section */
		324459FF29C55C4600E2F584 /* T Krobot */ = {
			isa = PBXNativeTarget;
			buildConfigurationList = 32445A0729C55C4600E2F584 /* Build configuration list for PBXNativeTarget "T Krobot" */;
			buildPhases = (
				324459FC29C55C4600E2F584 /* Sources */,
				324459FD29C55C4600E2F584 /* Frameworks */,
				324459FE29C55C4600E2F584 /* CopyFiles */,
			);
			buildRules = (
			);
			dependencies = (
			);
			name = "T Krobot";
			packageProductDependencies = (
				32445A1029C55F2200E2F584 /* DiscordBM */,
				32445A1229C55F2200E2F584 /* DiscordLogger */,
			);
			productName = "T Krobot";
			productReference = 32445A0029C55C4600E2F584 /* T Krobot */;
			productType = "com.apple.product-type.tool";
		};
/* End PBXNativeTarget section */

/* Begin PBXProject section */
		324459F829C55C4600E2F584 /* Project object */ = {
			isa = PBXProject;
			attributes = {
				BuildIndependentTargetsInParallel = 1;
				LastSwiftUpdateCheck = 1420;
				LastUpgradeCheck = 1420;
				TargetAttributes = {
					324459FF29C55C4600E2F584 = {
						CreatedOnToolsVersion = 14.2;
					};
				};
			};
			buildConfigurationList = 324459FB29C55C4600E2F584 /* Build configuration list for PBXProject "T Krobot" */;
			compatibilityVersion = "Xcode 14.0";
			developmentRegion = en;
			hasScannedForEncodings = 0;
			knownRegions = (
				en,
				Base,
			);
			mainGroup = 324459F729C55C4600E2F584;
			packageReferences = (
				32445A0F29C55F2200E2F584 /* XCRemoteSwiftPackageReference "DiscordBM" */,
			);
			productRefGroup = 32445A0129C55C4600E2F584 /* Products */;
			projectDirPath = "";
			projectRoot = "";
			targets = (
				324459FF29C55C4600E2F584 /* T Krobot */,
			);
		};
/* End PBXProject section */

/* Begin PBXSourcesBuildPhase section */
		324459FC29C55C4600E2F584 /* Sources */ = {
			isa = PBXSourcesBuildPhase;
			buildActionMask = 2147483647;
			files = (
				326FAF2429C5ACE100D95306 /* LinkShortener.swift in Sources */,
				32445A0429C55C4600E2F584 /* main.swift in Sources */,
				326FAF3329C6E9DB00D95306 /* DiscordManager.swift in Sources */,
				326FAF3B29C6EB9100D95306 /* LinkShortener+SlashCommand.swift in Sources */,
				326FAF3529C6EA2200D95306 /* DiscordManager+SlashCommands.swift in Sources */,
				326FAF2729C5B2A800D95306 /* ShortLinkResult.swift in Sources */,
				326FAF2D29C6E38C00D95306 /* Keys+Constants.swift in Sources */,
				326FAF3029C6E3DA00D95306 /* ClassCreator.swift in Sources */,
				326FAF2929C5B48900D95306 /* SlashCommandable.swift in Sources */,
				326FAF3729C6EA9500D95306 /* DiscordManager+EventHandling.swift in Sources */,
				326FAF2B29C6E2FF00D95306 /* Keys.swift in Sources */,
			);
			runOnlyForDeploymentPostprocessing = 0;
		};
/* End PBXSourcesBuildPhase section */

/* Begin XCBuildConfiguration section */
		32445A0529C55C4600E2F584 /* Debug */ = {
			isa = XCBuildConfiguration;
			buildSettings = {
				ALWAYS_SEARCH_USER_PATHS = NO;
				CLANG_ANALYZER_NONNULL = YES;
				CLANG_ANALYZER_NUMBER_OBJECT_CONVERSION = YES_AGGRESSIVE;
				CLANG_CXX_LANGUAGE_STANDARD = "gnu++20";
				CLANG_ENABLE_MODULES = YES;
				CLANG_ENABLE_OBJC_ARC = YES;
				CLANG_ENABLE_OBJC_WEAK = YES;
				CLANG_WARN_BLOCK_CAPTURE_AUTORELEASING = YES;
				CLANG_WARN_BOOL_CONVERSION = YES;
				CLANG_WARN_COMMA = YES;
				CLANG_WARN_CONSTANT_CONVERSION = YES;
				CLANG_WARN_DEPRECATED_OBJC_IMPLEMENTATIONS = YES;
				CLANG_WARN_DIRECT_OBJC_ISA_USAGE = YES_ERROR;
				CLANG_WARN_DOCUMENTATION_COMMENTS = YES;
				CLANG_WARN_EMPTY_BODY = YES;
				CLANG_WARN_ENUM_CONVERSION = YES;
				CLANG_WARN_INFINITE_RECURSION = YES;
				CLANG_WARN_INT_CONVERSION = YES;
				CLANG_WARN_NON_LITERAL_NULL_CONVERSION = YES;
				CLANG_WARN_OBJC_IMPLICIT_RETAIN_SELF = YES;
				CLANG_WARN_OBJC_LITERAL_CONVERSION = YES;
				CLANG_WARN_OBJC_ROOT_CLASS = YES_ERROR;
				CLANG_WARN_QUOTED_INCLUDE_IN_FRAMEWORK_HEADER = YES;
				CLANG_WARN_RANGE_LOOP_ANALYSIS = YES;
				CLANG_WARN_STRICT_PROTOTYPES = YES;
				CLANG_WARN_SUSPICIOUS_MOVE = YES;
				CLANG_WARN_UNGUARDED_AVAILABILITY = YES_AGGRESSIVE;
				CLANG_WARN_UNREACHABLE_CODE = YES;
				CLANG_WARN__DUPLICATE_METHOD_MATCH = YES;
				COPY_PHASE_STRIP = NO;
				DEBUG_INFORMATION_FORMAT = dwarf;
				ENABLE_STRICT_OBJC_MSGSEND = YES;
				ENABLE_TESTABILITY = YES;
				GCC_C_LANGUAGE_STANDARD = gnu11;
				GCC_DYNAMIC_NO_PIC = NO;
				GCC_NO_COMMON_BLOCKS = YES;
				GCC_OPTIMIZATION_LEVEL = 0;
				GCC_PREPROCESSOR_DEFINITIONS = (
					"DEBUG=1",
					"$(inherited)",
				);
				GCC_WARN_64_TO_32_BIT_CONVERSION = YES;
				GCC_WARN_ABOUT_RETURN_TYPE = YES_ERROR;
				GCC_WARN_UNDECLARED_SELECTOR = YES;
				GCC_WARN_UNINITIALIZED_AUTOS = YES_AGGRESSIVE;
				GCC_WARN_UNUSED_FUNCTION = YES;
				GCC_WARN_UNUSED_VARIABLE = YES;
				MACOSX_DEPLOYMENT_TARGET = 13.1;
				MTL_ENABLE_DEBUG_INFO = INCLUDE_SOURCE;
				MTL_FAST_MATH = YES;
				ONLY_ACTIVE_ARCH = YES;
				SDKROOT = macosx;
				SWIFT_ACTIVE_COMPILATION_CONDITIONS = DEBUG;
				SWIFT_OPTIMIZATION_LEVEL = "-Onone";
			};
			name = Debug;
		};
		32445A0629C55C4600E2F584 /* Release */ = {
			isa = XCBuildConfiguration;
			buildSettings = {
				ALWAYS_SEARCH_USER_PATHS = NO;
				CLANG_ANALYZER_NONNULL = YES;
				CLANG_ANALYZER_NUMBER_OBJECT_CONVERSION = YES_AGGRESSIVE;
				CLANG_CXX_LANGUAGE_STANDARD = "gnu++20";
				CLANG_ENABLE_MODULES = YES;
				CLANG_ENABLE_OBJC_ARC = YES;
				CLANG_ENABLE_OBJC_WEAK = YES;
				CLANG_WARN_BLOCK_CAPTURE_AUTORELEASING = YES;
				CLANG_WARN_BOOL_CONVERSION = YES;
				CLANG_WARN_COMMA = YES;
				CLANG_WARN_CONSTANT_CONVERSION = YES;
				CLANG_WARN_DEPRECATED_OBJC_IMPLEMENTATIONS = YES;
				CLANG_WARN_DIRECT_OBJC_ISA_USAGE = YES_ERROR;
				CLANG_WARN_DOCUMENTATION_COMMENTS = YES;
				CLANG_WARN_EMPTY_BODY = YES;
				CLANG_WARN_ENUM_CONVERSION = YES;
				CLANG_WARN_INFINITE_RECURSION = YES;
				CLANG_WARN_INT_CONVERSION = YES;
				CLANG_WARN_NON_LITERAL_NULL_CONVERSION = YES;
				CLANG_WARN_OBJC_IMPLICIT_RETAIN_SELF = YES;
				CLANG_WARN_OBJC_LITERAL_CONVERSION = YES;
				CLANG_WARN_OBJC_ROOT_CLASS = YES_ERROR;
				CLANG_WARN_QUOTED_INCLUDE_IN_FRAMEWORK_HEADER = YES;
				CLANG_WARN_RANGE_LOOP_ANALYSIS = YES;
				CLANG_WARN_STRICT_PROTOTYPES = YES;
				CLANG_WARN_SUSPICIOUS_MOVE = YES;
				CLANG_WARN_UNGUARDED_AVAILABILITY = YES_AGGRESSIVE;
				CLANG_WARN_UNREACHABLE_CODE = YES;
				CLANG_WARN__DUPLICATE_METHOD_MATCH = YES;
				COPY_PHASE_STRIP = NO;
				DEBUG_INFORMATION_FORMAT = "dwarf-with-dsym";
				ENABLE_NS_ASSERTIONS = NO;
				ENABLE_STRICT_OBJC_MSGSEND = YES;
				GCC_C_LANGUAGE_STANDARD = gnu11;
				GCC_NO_COMMON_BLOCKS = YES;
				GCC_WARN_64_TO_32_BIT_CONVERSION = YES;
				GCC_WARN_ABOUT_RETURN_TYPE = YES_ERROR;
				GCC_WARN_UNDECLARED_SELECTOR = YES;
				GCC_WARN_UNINITIALIZED_AUTOS = YES_AGGRESSIVE;
				GCC_WARN_UNUSED_FUNCTION = YES;
				GCC_WARN_UNUSED_VARIABLE = YES;
				MACOSX_DEPLOYMENT_TARGET = 13.1;
				MTL_ENABLE_DEBUG_INFO = NO;
				MTL_FAST_MATH = YES;
				SDKROOT = macosx;
				SWIFT_COMPILATION_MODE = wholemodule;
				SWIFT_OPTIMIZATION_LEVEL = "-O";
			};
			name = Release;
		};
		32445A0829C55C4600E2F584 /* Debug */ = {
			isa = XCBuildConfiguration;
			buildSettings = {
				CODE_SIGN_STYLE = Automatic;
				DEVELOPMENT_TEAM = XL5JK4F896;
				ENABLE_HARDENED_RUNTIME = YES;
				PRODUCT_NAME = "$(TARGET_NAME)";
				SWIFT_VERSION = 5.0;
			};
			name = Debug;
		};
		32445A0929C55C4600E2F584 /* Release */ = {
			isa = XCBuildConfiguration;
			buildSettings = {
				CODE_SIGN_STYLE = Automatic;
				DEVELOPMENT_TEAM = XL5JK4F896;
				ENABLE_HARDENED_RUNTIME = YES;
				PRODUCT_NAME = "$(TARGET_NAME)";
				SWIFT_VERSION = 5.0;
			};
			name = Release;
		};
/* End XCBuildConfiguration section */

/* Begin XCConfigurationList section */
		324459FB29C55C4600E2F584 /* Build configuration list for PBXProject "T Krobot" */ = {
			isa = XCConfigurationList;
			buildConfigurations = (
				32445A0529C55C4600E2F584 /* Debug */,
				32445A0629C55C4600E2F584 /* Release */,
			);
			defaultConfigurationIsVisible = 0;
			defaultConfigurationName = Release;
		};
		32445A0729C55C4600E2F584 /* Build configuration list for PBXNativeTarget "T Krobot" */ = {
			isa = XCConfigurationList;
			buildConfigurations = (
				32445A0829C55C4600E2F584 /* Debug */,
				32445A0929C55C4600E2F584 /* Release */,
			);
			defaultConfigurationIsVisible = 0;
			defaultConfigurationName = Release;
		};
/* End XCConfigurationList section */

/* Begin XCRemoteSwiftPackageReference section */
		32445A0F29C55F2200E2F584 /* XCRemoteSwiftPackageReference "DiscordBM" */ = {
			isa = XCRemoteSwiftPackageReference;
			repositoryURL = "https://github.com/MahdiBM/DiscordBM";
			requirement = {
				branch = main;
				kind = branch;
			};
		};
/* End XCRemoteSwiftPackageReference section */

/* Begin XCSwiftPackageProductDependency section */
		32445A1029C55F2200E2F584 /* DiscordBM */ = {
			isa = XCSwiftPackageProductDependency;
			package = 32445A0F29C55F2200E2F584 /* XCRemoteSwiftPackageReference "DiscordBM" */;
			productName = DiscordBM;
		};
		32445A1229C55F2200E2F584 /* DiscordLogger */ = {
			isa = XCSwiftPackageProductDependency;
			package = 32445A0F29C55F2200E2F584 /* XCRemoteSwiftPackageReference "DiscordBM" */;
			productName = DiscordLogger;
		};
/* End XCSwiftPackageProductDependency section */
	};
	rootObject = 324459F829C55C4600E2F584 /* Project object */;
}
